
Microsoft Visual Studio Solution File, Format Version 12.00
# Visual Studio Version 16
VisualStudioVersion = 16.0.31624.102
MinimumVisualStudioVersion = 10.0.40219.1
Project("{FAE04EC0-301F-11D3-BF4B-00C04F79EFBC}") = "ClassRoom", "ClassRoom\ClassRoom.csproj", "{56D6C600-9F67-4F35-BD36-715638C4A5D1}"
EndProject
Project("{FAE04EC0-301F-11D3-BF4B-00C04F79EFBC}") = "ClassRoomTestProject", "ClassRoomTestProject\ClassRoomTestProject.csproj", "{863A5EA1-3730-43B4-9492-FF38F364EC21}"
EndProject
Global
	GlobalSection(SolutionConfigurationPlatforms) = preSolution
		Debug|Any CPU = Debug|Any CPU
		Release|Any CPU = Release|Any CPU
	EndGlobalSection
	GlobalSection(ProjectConfigurationPlatforms) = postSolution
		{56D6C600-9F67-4F35-BD36-715638C4A5D1}.Debug|Any CPU.ActiveCfg = Debug|Any CPU
		{56D6C600-9F67-4F35-BD36-715638C4A5D1}.Debug|Any CPU.Build.0 = Debug|Any CPU
		{56D6C600-9F67-4F35-BD36-715638C4A5D1}.Release|Any CPU.ActiveCfg = Release|Any CPU
		{56D6C600-9F67-4F35-BD36-715638C4A5D1}.Release|Any CPU.Build.0 = Release|Any CPU
		{863A5EA1-3730-43B4-9492-FF38F364EC21}.Debug|Any CPU.ActiveCfg = Debug|Any CPU
		{863A5EA1-3730-43B4-9492-FF38F364EC21}.Debug|Any CPU.Build.0 = Debug|Any CPU
		{863A5EA1-3730-43B4-9492-FF38F364EC21}.Release|Any CPU.ActiveCfg = Release|Any CPU
		{863A5EA1-3730-43B4-9492-FF38F364EC21}.Release|Any CPU.Build.0 = Release|Any CPU
	EndGlobalSection
	GlobalSection(SolutionProperties) = preSolution
		HideSolutionNode = FALSE
	EndGlobalSection
	GlobalSection(ExtensibilityGlobals) = postSolution
		SolutionGuid = {8ED58B74-6538-4916-A802-F091450FEB73}
	EndGlobalSection
EndGlobal
